// !$*UTF8*$!
{
	archiveVersion = 1;
	classes = {
	};
	objectVersion = 48;
	objects = {

/* Begin PBXBuildFile section */
		651450372051FCD500E4446C /* DetailTableViewCell.swift in Sources */ = {isa = PBXBuildFile; fileRef = 651450362051FCD500E4446C /* DetailTableViewCell.swift */; };
		6514503A2052D47700E4446C /* DetailHeaderView.swift in Sources */ = {isa = PBXBuildFile; fileRef = 651450392052D47700E4446C /* DetailHeaderView.swift */; };
		6531D0E52056F0FC006FA968 /* FavoriteTableViewCell.swift in Sources */ = {isa = PBXBuildFile; fileRef = 6531D0E42056F0FC006FA968 /* FavoriteTableViewCell.swift */; };
		65A75ADD205304A000569340 /* Util+Style.swift in Sources */ = {isa = PBXBuildFile; fileRef = 65A75ADC205304A000569340 /* Util+Style.swift */; };
		65A75B012056BB7900569340 /* SeriesMaze.xcdatamodeld in Sources */ = {isa = PBXBuildFile; fileRef = 65A75AFF2056BB7900569340 /* SeriesMaze.xcdatamodeld */; };
		65A75B032056E27500569340 /* FavoriteSeriesTableViewController.swift in Sources */ = {isa = PBXBuildFile; fileRef = 65A75B022056E27500569340 /* FavoriteSeriesTableViewController.swift */; };
		65EF8B21204F121F002AF43E /* AppDelegate.swift in Sources */ = {isa = PBXBuildFile; fileRef = 65EF8B20204F121F002AF43E /* AppDelegate.swift */; };
		65EF8B26204F121F002AF43E /* Main.storyboard in Resources */ = {isa = PBXBuildFile; fileRef = 65EF8B24204F121F002AF43E /* Main.storyboard */; };
		65EF8B28204F121F002AF43E /* Assets.xcassets in Resources */ = {isa = PBXBuildFile; fileRef = 65EF8B27204F121F002AF43E /* Assets.xcassets */; };
		65EF8B2B204F121F002AF43E /* LaunchScreen.storyboard in Resources */ = {isa = PBXBuildFile; fileRef = 65EF8B29204F121F002AF43E /* LaunchScreen.storyboard */; };
		65EF8B36204F121F002AF43E /* SeriesMazeTests.swift in Sources */ = {isa = PBXBuildFile; fileRef = 65EF8B35204F121F002AF43E /* SeriesMazeTests.swift */; };
		65EF8B41204F121F002AF43E /* SeriesMazeUITests.swift in Sources */ = {isa = PBXBuildFile; fileRef = 65EF8B40204F121F002AF43E /* SeriesMazeUITests.swift */; };
		65EF8B53204F1A71002AF43E /* Series.swift in Sources */ = {isa = PBXBuildFile; fileRef = 65EF8B52204F1A71002AF43E /* Series.swift */; };
		65EF8B58204F1C8A002AF43E /* SeriesTableViewController.swift in Sources */ = {isa = PBXBuildFile; fileRef = 65EF8B57204F1C8A002AF43E /* SeriesTableViewController.swift */; };
		65EF8B5A2050372E002AF43E /* SeriesTableViewCell.swift in Sources */ = {isa = PBXBuildFile; fileRef = 65EF8B592050372E002AF43E /* SeriesTableViewCell.swift */; };
		65EF8B5D2050540E002AF43E /* DataManager.swift in Sources */ = {isa = PBXBuildFile; fileRef = 65EF8B5C2050540E002AF43E /* DataManager.swift */; };
		65EF8B60205067AA002AF43E /* Extensions.swift in Sources */ = {isa = PBXBuildFile; fileRef = 65EF8B5F205067AA002AF43E /* Extensions.swift */; };
		65EF8B6220508041002AF43E /* DetailSerieTableViewController.swift in Sources */ = {isa = PBXBuildFile; fileRef = 65EF8B6120508041002AF43E /* DetailSerieTableViewController.swift */; };
		65EF8B662051B577002AF43E /* MainDetailTableViewCell.swift in Sources */ = {isa = PBXBuildFile; fileRef = 65EF8B652051B577002AF43E /* MainDetailTableViewCell.swift */; };
/* End PBXBuildFile section */

/* Begin PBXContainerItemProxy section */
		65EF8B32204F121F002AF43E /* PBXContainerItemProxy */ = {
			isa = PBXContainerItemProxy;
			containerPortal = 65EF8B15204F121F002AF43E /* Project object */;
			proxyType = 1;
			remoteGlobalIDString = 65EF8B1C204F121F002AF43E;
			remoteInfo = SeriesMaze;
		};
		65EF8B3D204F121F002AF43E /* PBXContainerItemProxy */ = {
			isa = PBXContainerItemProxy;
			containerPortal = 65EF8B15204F121F002AF43E /* Project object */;
			proxyType = 1;
			remoteGlobalIDString = 65EF8B1C204F121F002AF43E;
			remoteInfo = SeriesMaze;
		};
/* End PBXContainerItemProxy section */

/* Begin PBXFileReference section */
		651450362051FCD500E4446C /* DetailTableViewCell.swift */ = {isa = PBXFileReference; lastKnownFileType = sourcecode.swift; path = DetailTableViewCell.swift; sourceTree = "<group>"; };
		651450392052D47700E4446C /* DetailHeaderView.swift */ = {isa = PBXFileReference; lastKnownFileType = sourcecode.swift; path = DetailHeaderView.swift; sourceTree = "<group>"; };
		6531D0E42056F0FC006FA968 /* FavoriteTableViewCell.swift */ = {isa = PBXFileReference; lastKnownFileType = sourcecode.swift; path = FavoriteTableViewCell.swift; sourceTree = "<group>"; };
		65A75ADC205304A000569340 /* Util+Style.swift */ = {isa = PBXFileReference; lastKnownFileType = sourcecode.swift; path = "Util+Style.swift"; sourceTree = "<group>"; };
		65A75B002056BB7900569340 /* SeriesMaze.xcdatamodel */ = {isa = PBXFileReference; lastKnownFileType = wrapper.xcdatamodel; path = SeriesMaze.xcdatamodel; sourceTree = "<group>"; };
		65A75B022056E27500569340 /* FavoriteSeriesTableViewController.swift */ = {isa = PBXFileReference; lastKnownFileType = sourcecode.swift; path = FavoriteSeriesTableViewController.swift; sourceTree = "<group>"; };
		65EF8B1D204F121F002AF43E /* SeriesMaze.app */ = {isa = PBXFileReference; explicitFileType = wrapper.application; includeInIndex = 0; path = SeriesMaze.app; sourceTree = BUILT_PRODUCTS_DIR; };
		65EF8B20204F121F002AF43E /* AppDelegate.swift */ = {isa = PBXFileReference; lastKnownFileType = sourcecode.swift; path = AppDelegate.swift; sourceTree = "<group>"; };
		65EF8B25204F121F002AF43E /* Base */ = {isa = PBXFileReference; lastKnownFileType = file.storyboard; name = Base; path = Base.lproj/Main.storyboard; sourceTree = "<group>"; };
		65EF8B27204F121F002AF43E /* Assets.xcassets */ = {isa = PBXFileReference; lastKnownFileType = folder.assetcatalog; path = Assets.xcassets; sourceTree = "<group>"; };
		65EF8B2A204F121F002AF43E /* Base */ = {isa = PBXFileReference; lastKnownFileType = file.storyboard; name = Base; path = Base.lproj/LaunchScreen.storyboard; sourceTree = "<group>"; };
		65EF8B2C204F121F002AF43E /* Info.plist */ = {isa = PBXFileReference; lastKnownFileType = text.plist.xml; path = Info.plist; sourceTree = "<group>"; };
		65EF8B31204F121F002AF43E /* SeriesMazeTests.xctest */ = {isa = PBXFileReference; explicitFileType = wrapper.cfbundle; includeInIndex = 0; path = SeriesMazeTests.xctest; sourceTree = BUILT_PRODUCTS_DIR; };
		65EF8B35204F121F002AF43E /* SeriesMazeTests.swift */ = {isa = PBXFileReference; lastKnownFileType = sourcecode.swift; path = SeriesMazeTests.swift; sourceTree = "<group>"; };
		65EF8B37204F121F002AF43E /* Info.plist */ = {isa = PBXFileReference; lastKnownFileType = text.plist.xml; path = Info.plist; sourceTree = "<group>"; };
		65EF8B3C204F121F002AF43E /* SeriesMazeUITests.xctest */ = {isa = PBXFileReference; explicitFileType = wrapper.cfbundle; includeInIndex = 0; path = SeriesMazeUITests.xctest; sourceTree = BUILT_PRODUCTS_DIR; };
		65EF8B40204F121F002AF43E /* SeriesMazeUITests.swift */ = {isa = PBXFileReference; lastKnownFileType = sourcecode.swift; path = SeriesMazeUITests.swift; sourceTree = "<group>"; };
		65EF8B42204F121F002AF43E /* Info.plist */ = {isa = PBXFileReference; lastKnownFileType = text.plist.xml; path = Info.plist; sourceTree = "<group>"; };
		65EF8B52204F1A71002AF43E /* Series.swift */ = {isa = PBXFileReference; lastKnownFileType = sourcecode.swift; path = Series.swift; sourceTree = "<group>"; };
		65EF8B57204F1C8A002AF43E /* SeriesTableViewController.swift */ = {isa = PBXFileReference; lastKnownFileType = sourcecode.swift; path = SeriesTableViewController.swift; sourceTree = "<group>"; };
		65EF8B592050372E002AF43E /* SeriesTableViewCell.swift */ = {isa = PBXFileReference; lastKnownFileType = sourcecode.swift; path = SeriesTableViewCell.swift; sourceTree = "<group>"; };
		65EF8B5C2050540E002AF43E /* DataManager.swift */ = {isa = PBXFileReference; lastKnownFileType = sourcecode.swift; path = DataManager.swift; sourceTree = "<group>"; };
		65EF8B5F205067AA002AF43E /* Extensions.swift */ = {isa = PBXFileReference; lastKnownFileType = sourcecode.swift; path = Extensions.swift; sourceTree = "<group>"; };
		65EF8B6120508041002AF43E /* DetailSerieTableViewController.swift */ = {isa = PBXFileReference; lastKnownFileType = sourcecode.swift; path = DetailSerieTableViewController.swift; sourceTree = "<group>"; };
		65EF8B652051B577002AF43E /* MainDetailTableViewCell.swift */ = {isa = PBXFileReference; lastKnownFileType = sourcecode.swift; path = MainDetailTableViewCell.swift; sourceTree = "<group>"; };
/* End PBXFileReference section */

/* Begin PBXFrameworksBuildPhase section */
		65EF8B1A204F121F002AF43E /* Frameworks */ = {
			isa = PBXFrameworksBuildPhase;
			buildActionMask = 2147483647;
			files = (
			);
			runOnlyForDeploymentPostprocessing = 0;
		};
		65EF8B2E204F121F002AF43E /* Frameworks */ = {
			isa = PBXFrameworksBuildPhase;
			buildActionMask = 2147483647;
			files = (
			);
			runOnlyForDeploymentPostprocessing = 0;
		};
		65EF8B39204F121F002AF43E /* Frameworks */ = {
			isa = PBXFrameworksBuildPhase;
			buildActionMask = 2147483647;
			files = (
			);
			runOnlyForDeploymentPostprocessing = 0;
		};
/* End PBXFrameworksBuildPhase section */

/* Begin PBXGroup section */
		651450382052D45700E4446C /* View */ = {
			isa = PBXGroup;
			children = (
				651450392052D47700E4446C /* DetailHeaderView.swift */,
			);
			path = View;
			sourceTree = "<group>";
		};
		65A75ADB205302D800569340 /* Cell */ = {
			isa = PBXGroup;
			children = (
				65EF8B592050372E002AF43E /* SeriesTableViewCell.swift */,
				65EF8B652051B577002AF43E /* MainDetailTableViewCell.swift */,
				651450362051FCD500E4446C /* DetailTableViewCell.swift */,
				6531D0E42056F0FC006FA968 /* FavoriteTableViewCell.swift */,
			);
			path = Cell;
			sourceTree = "<group>";
		};
		65EF8B14204F121F002AF43E = {
			isa = PBXGroup;
			children = (
				65EF8B1F204F121F002AF43E /* SeriesMaze */,
				65EF8B34204F121F002AF43E /* SeriesMazeTests */,
				65EF8B3F204F121F002AF43E /* SeriesMazeUITests */,
				65EF8B1E204F121F002AF43E /* Products */,
			);
			sourceTree = "<group>";
		};
		65EF8B1E204F121F002AF43E /* Products */ = {
			isa = PBXGroup;
			children = (
				65EF8B1D204F121F002AF43E /* SeriesMaze.app */,
				65EF8B31204F121F002AF43E /* SeriesMazeTests.xctest */,
				65EF8B3C204F121F002AF43E /* SeriesMazeUITests.xctest */,
			);
			name = Products;
			sourceTree = "<group>";
		};
		65EF8B1F204F121F002AF43E /* SeriesMaze */ = {
			isa = PBXGroup;
			children = (
				65EF8B4F204F1A32002AF43E /* Storyboard */,
				65EF8B4E204F1A2B002AF43E /* Model */,
				65EF8B5B205053FB002AF43E /* DataManager */,
				65EF8B56204F1C5A002AF43E /* Controller */,
				651450382052D45700E4446C /* View */,
				65EF8B5E2050679D002AF43E /* Util */,
				65EF8B20204F121F002AF43E /* AppDelegate.swift */,
				65A75AFF2056BB7900569340 /* SeriesMaze.xcdatamodeld */,
				65EF8B27204F121F002AF43E /* Assets.xcassets */,
				65EF8B2C204F121F002AF43E /* Info.plist */,
			);
			path = SeriesMaze;
			sourceTree = "<group>";
		};
		65EF8B34204F121F002AF43E /* SeriesMazeTests */ = {
			isa = PBXGroup;
			children = (
				65EF8B35204F121F002AF43E /* SeriesMazeTests.swift */,
				65EF8B37204F121F002AF43E /* Info.plist */,
			);
			path = SeriesMazeTests;
			sourceTree = "<group>";
		};
		65EF8B3F204F121F002AF43E /* SeriesMazeUITests */ = {
			isa = PBXGroup;
			children = (
				65EF8B40204F121F002AF43E /* SeriesMazeUITests.swift */,
				65EF8B42204F121F002AF43E /* Info.plist */,
			);
			path = SeriesMazeUITests;
			sourceTree = "<group>";
		};
		65EF8B4E204F1A2B002AF43E /* Model */ = {
			isa = PBXGroup;
			children = (
				65EF8B52204F1A71002AF43E /* Series.swift */,
			);
			path = Model;
			sourceTree = "<group>";
		};
		65EF8B4F204F1A32002AF43E /* Storyboard */ = {
			isa = PBXGroup;
			children = (
				65EF8B29204F121F002AF43E /* LaunchScreen.storyboard */,
				65EF8B24204F121F002AF43E /* Main.storyboard */,
			);
			path = Storyboard;
			sourceTree = "<group>";
		};
		65EF8B56204F1C5A002AF43E /* Controller */ = {
			isa = PBXGroup;
			children = (
				65A75ADB205302D800569340 /* Cell */,
				65EF8B57204F1C8A002AF43E /* SeriesTableViewController.swift */,
				65EF8B6120508041002AF43E /* DetailSerieTableViewController.swift */,
				65A75B022056E27500569340 /* FavoriteSeriesTableViewController.swift */,
			);
			path = Controller;
			sourceTree = "<group>";
		};
		65EF8B5B205053FB002AF43E /* DataManager */ = {
			isa = PBXGroup;
			children = (
				65EF8B5C2050540E002AF43E /* DataManager.swift */,
			);
			path = DataManager;
			sourceTree = "<group>";
		};
		65EF8B5E2050679D002AF43E /* Util */ = {
			isa = PBXGroup;
			children = (
				65EF8B5F205067AA002AF43E /* Extensions.swift */,
				65A75ADC205304A000569340 /* Util+Style.swift */,
			);
			path = Util;
			sourceTree = "<group>";
		};
/* End PBXGroup section */

/* Begin PBXNativeTarget section */
		65EF8B1C204F121F002AF43E /* SeriesMaze */ = {
			isa = PBXNativeTarget;
			buildConfigurationList = 65EF8B45204F121F002AF43E /* Build configuration list for PBXNativeTarget "SeriesMaze" */;
			buildPhases = (
				65EF8B19204F121F002AF43E /* Sources */,
				65EF8B1A204F121F002AF43E /* Frameworks */,
				65EF8B1B204F121F002AF43E /* Resources */,
			);
			buildRules = (
			);
			dependencies = (
			);
			name = SeriesMaze;
			productName = SeriesMaze;
			productReference = 65EF8B1D204F121F002AF43E /* SeriesMaze.app */;
			productType = "com.apple.product-type.application";
		};
		65EF8B30204F121F002AF43E /* SeriesMazeTests */ = {
			isa = PBXNativeTarget;
			buildConfigurationList = 65EF8B48204F121F002AF43E /* Build configuration list for PBXNativeTarget "SeriesMazeTests" */;
			buildPhases = (
				65EF8B2D204F121F002AF43E /* Sources */,
				65EF8B2E204F121F002AF43E /* Frameworks */,
				65EF8B2F204F121F002AF43E /* Resources */,
			);
			buildRules = (
			);
			dependencies = (
				65EF8B33204F121F002AF43E /* PBXTargetDependency */,
			);
			name = SeriesMazeTests;
			productName = SeriesMazeTests;
			productReference = 65EF8B31204F121F002AF43E /* SeriesMazeTests.xctest */;
			productType = "com.apple.product-type.bundle.unit-test";
		};
		65EF8B3B204F121F002AF43E /* SeriesMazeUITests */ = {
			isa = PBXNativeTarget;
			buildConfigurationList = 65EF8B4B204F121F002AF43E /* Build configuration list for PBXNativeTarget "SeriesMazeUITests" */;
			buildPhases = (
				65EF8B38204F121F002AF43E /* Sources */,
				65EF8B39204F121F002AF43E /* Frameworks */,
				65EF8B3A204F121F002AF43E /* Resources */,
			);
			buildRules = (
			);
			dependencies = (
				65EF8B3E204F121F002AF43E /* PBXTargetDependency */,
			);
			name = SeriesMazeUITests;
			productName = SeriesMazeUITests;
			productReference = 65EF8B3C204F121F002AF43E /* SeriesMazeUITests.xctest */;
			productType = "com.apple.product-type.bundle.ui-testing";
		};
/* End PBXNativeTarget section */

/* Begin PBXProject section */
		65EF8B15204F121F002AF43E /* Project object */ = {
			isa = PBXProject;
			attributes = {
				LastSwiftUpdateCheck = 0920;
				LastUpgradeCheck = 0920;
				ORGANIZATIONNAME = "Piera Marchesini";
				TargetAttributes = {
					65EF8B1C204F121F002AF43E = {
						CreatedOnToolsVersion = 9.2;
						ProvisioningStyle = Automatic;
					};
					65EF8B30204F121F002AF43E = {
						CreatedOnToolsVersion = 9.2;
						ProvisioningStyle = Automatic;
						TestTargetID = 65EF8B1C204F121F002AF43E;
					};
					65EF8B3B204F121F002AF43E = {
						CreatedOnToolsVersion = 9.2;
						ProvisioningStyle = Automatic;
						TestTargetID = 65EF8B1C204F121F002AF43E;
					};
				};
			};
			buildConfigurationList = 65EF8B18204F121F002AF43E /* Build configuration list for PBXProject "SeriesMaze" */;
			compatibilityVersion = "Xcode 8.0";
			developmentRegion = en;
			hasScannedForEncodings = 0;
			knownRegions = (
				en,
				Base,
			);
			mainGroup = 65EF8B14204F121F002AF43E;
			productRefGroup = 65EF8B1E204F121F002AF43E /* Products */;
			projectDirPath = "";
			projectRoot = "";
			targets = (
				65EF8B1C204F121F002AF43E /* SeriesMaze */,
				65EF8B30204F121F002AF43E /* SeriesMazeTests */,
				65EF8B3B204F121F002AF43E /* SeriesMazeUITests */,
			);
		};
/* End PBXProject section */

/* Begin PBXResourcesBuildPhase section */
		65EF8B1B204F121F002AF43E /* Resources */ = {
			isa = PBXResourcesBuildPhase;
			buildActionMask = 2147483647;
			files = (
				65EF8B2B204F121F002AF43E /* LaunchScreen.storyboard in Resources */,
				65EF8B28204F121F002AF43E /* Assets.xcassets in Resources */,
				65EF8B26204F121F002AF43E /* Main.storyboard in Resources */,
			);
			runOnlyForDeploymentPostprocessing = 0;
		};
		65EF8B2F204F121F002AF43E /* Resources */ = {
			isa = PBXResourcesBuildPhase;
			buildActionMask = 2147483647;
			files = (
			);
			runOnlyForDeploymentPostprocessing = 0;
		};
		65EF8B3A204F121F002AF43E /* Resources */ = {
			isa = PBXResourcesBuildPhase;
			buildActionMask = 2147483647;
			files = (
			);
			runOnlyForDeploymentPostprocessing = 0;
		};
/* End PBXResourcesBuildPhase section */

/* Begin PBXSourcesBuildPhase section */
		65EF8B19204F121F002AF43E /* Sources */ = {
			isa = PBXSourcesBuildPhase;
			buildActionMask = 2147483647;
			files = (
				65A75ADD205304A000569340 /* Util+Style.swift in Sources */,
				6514503A2052D47700E4446C /* DetailHeaderView.swift in Sources */,
				651450372051FCD500E4446C /* DetailTableViewCell.swift in Sources */,
				65A75B012056BB7900569340 /* SeriesMaze.xcdatamodeld in Sources */,
				65EF8B58204F1C8A002AF43E /* SeriesTableViewController.swift in Sources */,
				6531D0E52056F0FC006FA968 /* FavoriteTableViewCell.swift in Sources */,
				65EF8B60205067AA002AF43E /* Extensions.swift in Sources */,
				65EF8B6220508041002AF43E /* DetailSerieTableViewController.swift in Sources */,
				65EF8B5D2050540E002AF43E /* DataManager.swift in Sources */,
				65EF8B21204F121F002AF43E /* AppDelegate.swift in Sources */,
				65A75B032056E27500569340 /* FavoriteSeriesTableViewController.swift in Sources */,
				65EF8B5A2050372E002AF43E /* SeriesTableViewCell.swift in Sources */,
				65EF8B662051B577002AF43E /* MainDetailTableViewCell.swift in Sources */,
				65EF8B53204F1A71002AF43E /* Series.swift in Sources */,
			);
			runOnlyForDeploymentPostprocessing = 0;
		};
		65EF8B2D204F121F002AF43E /* Sources */ = {
			isa = PBXSourcesBuildPhase;
			buildActionMask = 2147483647;
			files = (
				65EF8B36204F121F002AF43E /* SeriesMazeTests.swift in Sources */,
			);
			runOnlyForDeploymentPostprocessing = 0;
		};
		65EF8B38204F121F002AF43E /* Sources */ = {
			isa = PBXSourcesBuildPhase;
			buildActionMask = 2147483647;
			files = (
				65EF8B41204F121F002AF43E /* SeriesMazeUITests.swift in Sources */,
			);
			runOnlyForDeploymentPostprocessing = 0;
		};
/* End PBXSourcesBuildPhase section */

/* Begin PBXTargetDependency section */
		65EF8B33204F121F002AF43E /* PBXTargetDependency */ = {
			isa = PBXTargetDependency;
			target = 65EF8B1C204F121F002AF43E /* SeriesMaze */;
			targetProxy = 65EF8B32204F121F002AF43E /* PBXContainerItemProxy */;
		};
		65EF8B3E204F121F002AF43E /* PBXTargetDependency */ = {
			isa = PBXTargetDependency;
			target = 65EF8B1C204F121F002AF43E /* SeriesMaze */;
			targetProxy = 65EF8B3D204F121F002AF43E /* PBXContainerItemProxy */;
		};
/* End PBXTargetDependency section */

/* Begin PBXVariantGroup section */
		65EF8B24204F121F002AF43E /* Main.storyboard */ = {
			isa = PBXVariantGroup;
			children = (
				65EF8B25204F121F002AF43E /* Base */,
			);
			name = Main.storyboard;
			sourceTree = "<group>";
		};
		65EF8B29204F121F002AF43E /* LaunchScreen.storyboard */ = {
			isa = PBXVariantGroup;
			children = (
				65EF8B2A204F121F002AF43E /* Base */,
			);
			name = LaunchScreen.storyboard;
			sourceTree = "<group>";
		};
/* End PBXVariantGroup section */

/* Begin XCBuildConfiguration section */
		65EF8B43204F121F002AF43E /* Debug */ = {
			isa = XCBuildConfiguration;
			buildSettings = {
				ALWAYS_SEARCH_USER_PATHS = NO;
				CLANG_ANALYZER_NONNULL = YES;
				CLANG_ANALYZER_NUMBER_OBJECT_CONVERSION = YES_AGGRESSIVE;
				CLANG_CXX_LANGUAGE_STANDARD = "gnu++14";
				CLANG_CXX_LIBRARY = "libc++";
				CLANG_ENABLE_MODULES = YES;
				CLANG_ENABLE_OBJC_ARC = YES;
				CLANG_WARN_BLOCK_CAPTURE_AUTORELEASING = YES;
				CLANG_WARN_BOOL_CONVERSION = YES;
				CLANG_WARN_COMMA = YES;
				CLANG_WARN_CONSTANT_CONVERSION = YES;
				CLANG_WARN_DIRECT_OBJC_ISA_USAGE = YES_ERROR;
				CLANG_WARN_DOCUMENTATION_COMMENTS = YES;
				CLANG_WARN_EMPTY_BODY = YES;
				CLANG_WARN_ENUM_CONVERSION = YES;
				CLANG_WARN_INFINITE_RECURSION = YES;
				CLANG_WARN_INT_CONVERSION = YES;
				CLANG_WARN_NON_LITERAL_NULL_CONVERSION = YES;
				CLANG_WARN_OBJC_LITERAL_CONVERSION = YES;
				CLANG_WARN_OBJC_ROOT_CLASS = YES_ERROR;
				CLANG_WARN_RANGE_LOOP_ANALYSIS = YES;
				CLANG_WARN_STRICT_PROTOTYPES = YES;
				CLANG_WARN_SUSPICIOUS_MOVE = YES;
				CLANG_WARN_UNGUARDED_AVAILABILITY = YES_AGGRESSIVE;
				CLANG_WARN_UNREACHABLE_CODE = YES;
				CLANG_WARN__DUPLICATE_METHOD_MATCH = YES;
				CODE_SIGN_IDENTITY = "iPhone Developer";
				COPY_PHASE_STRIP = NO;
				DEBUG_INFORMATION_FORMAT = dwarf;
				ENABLE_STRICT_OBJC_MSGSEND = YES;
				ENABLE_TESTABILITY = YES;
				GCC_C_LANGUAGE_STANDARD = gnu11;
				GCC_DYNAMIC_NO_PIC = NO;
				GCC_NO_COMMON_BLOCKS = YES;
				GCC_OPTIMIZATION_LEVEL = 0;
				GCC_PREPROCESSOR_DEFINITIONS = (
					"DEBUG=1",
					"$(inherited)",
				);
				GCC_WARN_64_TO_32_BIT_CONVERSION = YES;
				GCC_WARN_ABOUT_RETURN_TYPE = YES_ERROR;
				GCC_WARN_UNDECLARED_SELECTOR = YES;
				GCC_WARN_UNINITIALIZED_AUTOS = YES_AGGRESSIVE;
				GCC_WARN_UNUSED_FUNCTION = YES;
				GCC_WARN_UNUSED_VARIABLE = YES;
				IPHONEOS_DEPLOYMENT_TARGET = 11.2;
				MTL_ENABLE_DEBUG_INFO = YES;
				ONLY_ACTIVE_ARCH = YES;
				SDKROOT = iphoneos;
				SWIFT_ACTIVE_COMPILATION_CONDITIONS = DEBUG;
				SWIFT_OPTIMIZATION_LEVEL = "-Onone";
			};
			name = Debug;
		};
		65EF8B44204F121F002AF43E /* Release */ = {
			isa = XCBuildConfiguration;
			buildSettings = {
				ALWAYS_SEARCH_USER_PATHS = NO;
				CLANG_ANALYZER_NONNULL = YES;
				CLANG_ANALYZER_NUMBER_OBJECT_CONVERSION = YES_AGGRESSIVE;
				CLANG_CXX_LANGUAGE_STANDARD = "gnu++14";
				CLANG_CXX_LIBRARY = "libc++";
				CLANG_ENABLE_MODULES = YES;
				CLANG_ENABLE_OBJC_ARC = YES;
				CLANG_WARN_BLOCK_CAPTURE_AUTORELEASING = YES;
				CLANG_WARN_BOOL_CONVERSION = YES;
				CLANG_WARN_COMMA = YES;
				CLANG_WARN_CONSTANT_CONVERSION = YES;
				CLANG_WARN_DIRECT_OBJC_ISA_USAGE = YES_ERROR;
				CLANG_WARN_DOCUMENTATION_COMMENTS = YES;
				CLANG_WARN_EMPTY_BODY = YES;
				CLANG_WARN_ENUM_CONVERSION = YES;
				CLANG_WARN_INFINITE_RECURSION = YES;
				CLANG_WARN_INT_CONVERSION = YES;
				CLANG_WARN_NON_LITERAL_NULL_CONVERSION = YES;
				CLANG_WARN_OBJC_LITERAL_CONVERSION = YES;
				CLANG_WARN_OBJC_ROOT_CLASS = YES_ERROR;
				CLANG_WARN_RANGE_LOOP_ANALYSIS = YES;
				CLANG_WARN_STRICT_PROTOTYPES = YES;
				CLANG_WARN_SUSPICIOUS_MOVE = YES;
				CLANG_WARN_UNGUARDED_AVAILABILITY = YES_AGGRESSIVE;
				CLANG_WARN_UNREACHABLE_CODE = YES;
				CLANG_WARN__DUPLICATE_METHOD_MATCH = YES;
				CODE_SIGN_IDENTITY = "iPhone Developer";
				COPY_PHASE_STRIP = NO;
				DEBUG_INFORMATION_FORMAT = "dwarf-with-dsym";
				ENABLE_NS_ASSERTIONS = NO;
				ENABLE_STRICT_OBJC_MSGSEND = YES;
				GCC_C_LANGUAGE_STANDARD = gnu11;
				GCC_NO_COMMON_BLOCKS = YES;
				GCC_WARN_64_TO_32_BIT_CONVERSION = YES;
				GCC_WARN_ABOUT_RETURN_TYPE = YES_ERROR;
				GCC_WARN_UNDECLARED_SELECTOR = YES;
				GCC_WARN_UNINITIALIZED_AUTOS = YES_AGGRESSIVE;
				GCC_WARN_UNUSED_FUNCTION = YES;
				GCC_WARN_UNUSED_VARIABLE = YES;
				IPHONEOS_DEPLOYMENT_TARGET = 11.2;
				MTL_ENABLE_DEBUG_INFO = NO;
				SDKROOT = iphoneos;
				SWIFT_OPTIMIZATION_LEVEL = "-Owholemodule";
				VALIDATE_PRODUCT = YES;
			};
			name = Release;
		};
		65EF8B46204F121F002AF43E /* Debug */ = {
			isa = XCBuildConfiguration;
			buildSettings = {
				ASSETCATALOG_COMPILER_APPICON_NAME = AppIcon;
				CODE_SIGN_STYLE = Automatic;
				DEVELOPMENT_TEAM = 8Q8A65W24Q;
				INFOPLIST_FILE = SeriesMaze/Info.plist;
				LD_RUNPATH_SEARCH_PATHS = "$(inherited) @executable_path/Frameworks";
				PRODUCT_BUNDLE_IDENTIFIER = MackMobile.SeriesMaze;
				PRODUCT_NAME = "$(TARGET_NAME)";
				SWIFT_VERSION = 4.0;
				TARGETED_DEVICE_FAMILY = "1,2";
			};
			name = Debug;
		};
		65EF8B47204F121F002AF43E /* Release */ = {
			isa = XCBuildConfiguration;
			buildSettings = {
				ASSETCATALOG_COMPILER_APPICON_NAME = AppIcon;
				CODE_SIGN_STYLE = Automatic;
				DEVELOPMENT_TEAM = 8Q8A65W24Q;
				INFOPLIST_FILE = SeriesMaze/Info.plist;
				LD_RUNPATH_SEARCH_PATHS = "$(inherited) @executable_path/Frameworks";
				PRODUCT_BUNDLE_IDENTIFIER = MackMobile.SeriesMaze;
				PRODUCT_NAME = "$(TARGET_NAME)";
				SWIFT_VERSION = 4.0;
				TARGETED_DEVICE_FAMILY = "1,2";
			};
			name = Release;
		};
		65EF8B49204F121F002AF43E /* Debug */ = {
			isa = XCBuildConfiguration;
			buildSettings = {
				ALWAYS_EMBED_SWIFT_STANDARD_LIBRARIES = YES;
				BUNDLE_LOADER = "$(TEST_HOST)";
				CODE_SIGN_STYLE = Automatic;
				DEVELOPMENT_TEAM = 8Q8A65W24Q;
				INFOPLIST_FILE = SeriesMazeTests/Info.plist;
				LD_RUNPATH_SEARCH_PATHS = "$(inherited) @executable_path/Frameworks @loader_path/Frameworks";
				PRODUCT_BUNDLE_IDENTIFIER = MackMobile.SeriesMazeTests;
				PRODUCT_NAME = "$(TARGET_NAME)";
				SWIFT_VERSION = 4.0;
				TARGETED_DEVICE_FAMILY = "1,2";
				TEST_HOST = "$(BUILT_PRODUCTS_DIR)/SeriesMaze.app/SeriesMaze";
			};
			name = Debug;
		};
		65EF8B4A204F121F002AF43E /* Release */ = {
			isa = XCBuildConfiguration;
			buildSettings = {
				ALWAYS_EMBED_SWIFT_STANDARD_LIBRARIES = YES;
				BUNDLE_LOADER = "$(TEST_HOST)";
				CODE_SIGN_STYLE = Automatic;
				DEVELOPMENT_TEAM = 8Q8A65W24Q;
				INFOPLIST_FILE = SeriesMazeTests/Info.plist;
				LD_RUNPATH_SEARCH_PATHS = "$(inherited) @executable_path/Frameworks @loader_path/Frameworks";
				PRODUCT_BUNDLE_IDENTIFIER = MackMobile.SeriesMazeTests;
				PRODUCT_NAME = "$(TARGET_NAME)";
				SWIFT_VERSION = 4.0;
				TARGETED_DEVICE_FAMILY = "1,2";
				TEST_HOST = "$(BUILT_PRODUCTS_DIR)/SeriesMaze.app/SeriesMaze";
			};
			name = Release;
		};
		65EF8B4C204F121F002AF43E /* Debug */ = {
			isa = XCBuildConfiguration;
			buildSettings = {
				ALWAYS_EMBED_SWIFT_STANDARD_LIBRARIES = YES;
				CODE_SIGN_STYLE = Automatic;
				DEVELOPMENT_TEAM = 8Q8A65W24Q;
				INFOPLIST_FILE = SeriesMazeUITests/Info.plist;
				LD_RUNPATH_SEARCH_PATHS = "$(inherited) @executable_path/Frameworks @loader_path/Frameworks";
				PRODUCT_BUNDLE_IDENTIFIER = MackMobile.SeriesMazeUITests;
				PRODUCT_NAME = "$(TARGET_NAME)";
				SWIFT_VERSION = 4.0;
				TARGETED_DEVICE_FAMILY = "1,2";
				TEST_TARGET_NAME = SeriesMaze;
			};
			name = Debug;
		};
		65EF8B4D204F121F002AF43E /* Release */ = {
			isa = XCBuildConfiguration;
			buildSettings = {
				ALWAYS_EMBED_SWIFT_STANDARD_LIBRARIES = YES;
				CODE_SIGN_STYLE = Automatic;
				DEVELOPMENT_TEAM = 8Q8A65W24Q;
				INFOPLIST_FILE = SeriesMazeUITests/Info.plist;
				LD_RUNPATH_SEARCH_PATHS = "$(inherited) @executable_path/Frameworks @loader_path/Frameworks";
				PRODUCT_BUNDLE_IDENTIFIER = MackMobile.SeriesMazeUITests;
				PRODUCT_NAME = "$(TARGET_NAME)";
				SWIFT_VERSION = 4.0;
				TARGETED_DEVICE_FAMILY = "1,2";
				TEST_TARGET_NAME = SeriesMaze;
			};
			name = Release;
		};
/* End XCBuildConfiguration section */

/* Begin XCConfigurationList section */
		65EF8B18204F121F002AF43E /* Build configuration list for PBXProject "SeriesMaze" */ = {
			isa = XCConfigurationList;
			buildConfigurations = (
				65EF8B43204F121F002AF43E /* Debug */,
				65EF8B44204F121F002AF43E /* Release */,
			);
			defaultConfigurationIsVisible = 0;
			defaultConfigurationName = Release;
		};
		65EF8B45204F121F002AF43E /* Build configuration list for PBXNativeTarget "SeriesMaze" */ = {
			isa = XCConfigurationList;
			buildConfigurations = (
				65EF8B46204F121F002AF43E /* Debug */,
				65EF8B47204F121F002AF43E /* Release */,
			);
			defaultConfigurationIsVisible = 0;
			defaultConfigurationName = Release;
		};
		65EF8B48204F121F002AF43E /* Build configuration list for PBXNativeTarget "SeriesMazeTests" */ = {
			isa = XCConfigurationList;
			buildConfigurations = (
				65EF8B49204F121F002AF43E /* Debug */,
				65EF8B4A204F121F002AF43E /* Release */,
			);
			defaultConfigurationIsVisible = 0;
			defaultConfigurationName = Release;
		};
		65EF8B4B204F121F002AF43E /* Build configuration list for PBXNativeTarget "SeriesMazeUITests" */ = {
			isa = XCConfigurationList;
			buildConfigurations = (
				65EF8B4C204F121F002AF43E /* Debug */,
				65EF8B4D204F121F002AF43E /* Release */,
			);
			defaultConfigurationIsVisible = 0;
			defaultConfigurationName = Release;
		};
/* End XCConfigurationList section */

/* Begin XCVersionGroup section */
		65A75AFF2056BB7900569340 /* SeriesMaze.xcdatamodeld */ = {
			isa = XCVersionGroup;
			children = (
				65A75B002056BB7900569340 /* SeriesMaze.xcdatamodel */,
			);
			currentVersion = 65A75B002056BB7900569340 /* SeriesMaze.xcdatamodel */;
			path = SeriesMaze.xcdatamodeld;
			sourceTree = "<group>";
			versionGroupType = wrapper.xcdatamodel;
		};
/* End XCVersionGroup section */
	};
	rootObject = 65EF8B15204F121F002AF43E /* Project object */;
}
